github.com/frankban/quicktest v1.0.0/go.mod h1:R98jIehRai+d1/3Hv2//jOVCTJhW1VBavT6B6CuGq2k=
github.com/frankban/quicktest v1.1.0/go.mod h1:R98jIehRai+d1/3Hv2//jOVCTJhW1VBavT6B6CuGq2k=
github.com/frankban/quicktest v1.2.2/go.mod h1:Qh/WofXFeiAFII1aEBu529AtJo6Zg2VHscnEsbBnJ20=
github.com/frankban/quicktest v1.4.0 h1:rCSCih1FnSWJEel/eub9wclBSqpF2F/PuvxUWGWnbO8=
github.com/frankban/quicktest v1.4.0/go.mod h1:36zfPVQyHxymz4cH7wlDmVwDrJuljRB60qkgn7rorfQ=
github.com/golang/protobuf v1.3.1 h1:YF8+flBXS5eO826T4nzqPrxfhQThhXl0YzfuUPu4SBg=
github.com/golang/protobuf v1.3.1/go.mod h1:6lQm79b+lXiMfvg/cZm0SGofjICqVBUtrP5yJMmIC1U=
github.com/google/go-cmp v0.2.0/go.mod h1:oXzfMopK8JAjlY9xF4vHSVASa0yLyX7SntLO5aqRK0M=
github.com/google/go-cmp v0.2.1-0.20190312032427-6f77996f0c42/go.mod h1:8QqcDgzrUqlUb/G2PQTWiueGozuR1884gddMywk6iLU=
github.com/google/go-cmp v0.3.0 h1:crn/baboCvb5fXaQ0IJ1SGTsTVrWpDsCWC8EGETZijY=
github.com/google/go-cmp v0.3.0/go.mod h1:8QqcDgzrUqlUb/G2PQTWiueGozuR1884gddMywk6iLU=
github.com/juju/errors v0.0.0-20150916125642-1b5e39b83d18 h1:Sem5Flzxj8ZdAgY2wfHBUlOYyP4wrpIfM8IZgANNGh8=
github.com/juju/errors v0.0.0-20150916125642-1b5e39b83d18/go.mod h1:W54LbzXuIE0boCoNJfwqpmkKJ1O4TCTZMetAt6jGk7Q=
github.com/juju/gnuflag v0.0.0-20160809165214-4e76c5658185 h1:9mtKGww3h9QSfev9n+kC/T1O435PFBbwJrH3+OGQ4kA=
github.com/juju/gnuflag v0.0.0-20160809165214-4e76c5658185/go.mod h1:2PavIy+JPciBPrBUjwbNvtwB6RQlve+hkpll6QSNmOE=
github.com/juju/go4 v0.0.0-20160222163258-40d72ab9641a h1:45JtCyuNYE+QN9aPuR1ID9++BQU+NMTMudHSuaK0Las=
github.com/juju/go4 v0.0.0-20160222163258-40d72ab9641a/go.mod h1:RVHtZuvrpETIepiNUrNlih2OynoFf1eM6DGC6dloXzk=
github.com/juju/loggo v0.0.0-20170605014607-8232ab8918d9 h1:Y+lzErDTURqeXqlqYi4YBYbDd7ycU74gW1ADt57/bgY=
github.com/juju/loggo v0.0.0-20170605014607-8232ab8918d9/go.mod h1:vgyd7OREkbtVEN/8IXZe5Ooef3LQePvuBm9UWj6ZL8U=
github.com/juju/persistent-cookiejar v0.0.0-20170428161559-d67418f14c93 h1:nlmpG1/Pv5elsi69wXhLkBhefGPE19bOCJ/xVwovl7A=
github.com/juju/persistent-cookiejar v0.0.0-20170428161559-d67418f14c93/go.mod h1:zrbmo4nBKaiP/Ez3F67ewkMbzGYfXyMvRtbOfuAwG0w=
github.com/juju/qthttptest v0.0.1 h1:pR8nTl6Uo/iI6/ynQf5Cxy9FEICXzaa83NtrBdGMCVQ=
github.com/juju/qthttptest v0.0.1/go.mod h1://LCf/Ls22/rPw2u1yWukUJvYtfPY4nYpWUl2uZhryo=
github.com/juju/retry v0.0.0-20151029024821-62c620325291 h1:Rp0pLxDOsLDDwh2S73oHLI2KTFFyrF6oM/DgP0FhhBk=
github.com/juju/retry v0.0.0-20151029024821-62c620325291/go.mod h1:OohPQGsr4pnxwD5YljhQ+TZnuVRYpa5irjugL1Yuif4=
github.com/juju/testing v0.0.0-20170608054451-2fe0e88cf232 h1:UKib3XucP+87JJRRqRDSvqTVCKIBiskGgzOKs+OqAYs=
github.com/juju/testing v0.0.0-20170608054451-2fe0e88cf232/go.mod h1:63prj8cnj0tU0S9OHjGJn+b1h0ZghCndfnbQolrYTwA=
github.com/juju/utils v0.0.0-20171122093653-4d9b38694f1e h1:AxfifWF1sAFO3OyHOf2XtYmOF3qIf3WA+Tf3z2HdBi4=
github.com/juju/utils v0.0.0-20171122093653-4d9b38694f1e/go.mod h1:6/KLg8Wz/y2KVGWEpkK9vMNGkOnu4k/cqs8Z1fKjTOk=
github.com/juju/version v0.0.0-20161031051906-1f41e27e54f2 h1:loQDi5MyxxNm7Q42mBGuPD6X+F6zw8j5S9yexLgn/BE=
github.com/juju/version v0.0.0-20161031051906-1f41e27e54f2/go.mod h1:kE8gK5X0CImdr7qpSKl3xB2PmpySSmfj7zVbkZFs81U=
github.com/juju/webbrowser v0.0.0-20180907093207-efb9432b2bcb h1:iffwDjS1xyg1Owlh8OZV4kd4P6pVHNZOxIja+ia2nKE=
github.com/juju/webbrowser v0.0.0-20180907093207-efb9432b2bcb/go.mod h1:G6PCelgkM6cuvyD10iYJsjLBsSadVXtJ+nBxFAxE2BU=
github.com/julienschmidt/httprouter v1.2.0 h1:TDTW5Yz1mjftljbcKqRcrYhd4XeOoI98t+9HbQbYf7g=
github.com/julienschmidt/httprouter v1.2.0/go.mod h1:SYymIcj16QtmaHHD7aYtjjsJG7VTCxuUUipMqKk8s4w=
github.com/kr/pretty v0.1.0 h1:L/CwN0zerZDmRFUapSPitk6f+Q3+0za1rQkzVuMiMFI=
github.com/kr/pretty v0.1.0/go.mod h1:dAy3ld7l9f0ibDNOQOHHMYYIIbhfbHSm3C4ZsoJORNo=
github.com/kr/pty v1.1.1/go.mod h1:pFQYn66WHrOpPYNljwOMqo10TkYh1fy3cYio2l3bCsQ=
github.com/kr/text v0.1.0 h1:45sCR5RtlFHMR4UwH9sdQ5TC8v0qDQCHnXt+kaKSTVE=
github.com/kr/text v0.1.0/go.mod h1:4Jbv+DJW3UT/LiOwJeYQe1efqtUx/iVham/4vfdArNI=
github.com/rogpeppe/clock v0.0.0-20190514195947-2896927a307a h1:3QH7VyOaaiUHNrA9Se4YQIRkDTCw1EJls9xTUCaCeRM=
github.com/rogpeppe/clock v0.0.0-20190514195947-2896927a307a/go.mod h1:4r5QyqhjIWCcK8DO4KMclc5Iknq5qVBAlbYYzAbUScQ=
github.com/rogpeppe/fastuuid v1.1.0 h1:INyGLmTCMGFr6OVIb977ghJvABML2CMVjPoRfNDdYDo=
github.com/rogpeppe/fastuuid v1.1.0/go.mod h1:jVj6XXZzXRy/MSR5jhDC/2q6DgLz+nrA6LYCDYWNEvQ=
github.com/rogpeppe/rjson v0.0.0-20151026200957-77220b71d327 h1:JuElq05p5jPgkYetPEGMZIcos4SiCM6Jin+/3U7YkxQ=
github.com/rogpeppe/rjson v0.0.0-20151026200957-77220b71d327/go.mod h1:3QPdyjsZx/TVNJoW0b6d+FuZywNeMmLSXyGOuUhrvJQ=
golang.org/x/crypto v0.0.0-20180723164146-c126467f60eb h1:Ah9YqXLj6fEgeKqcmBuLCbAsrF3ScD7dJ/bYM0C6tXI=
golang.org/x/crypto v0.0.0-20180723164146-c126467f60eb/go.mod h1:6SG95UA2DQfeDnfUPMdvaQW0Q7yPrPDi9nlGo2tz2b4=
golang.org/x/net v0.0.0-20150829230318-ea47fc708ee3/go.mod h1:mL1N/T3taQHkDXs73rZJwtUhF3w3ftmwwsq0BUmARs4=
golang.org/x/net v0.0.0-20171004034648-a04bdaca5b32 h1:NjAulLPqFTaOxQu5S4qUMqscSu+mQdu+wMY0nfqSkuk=
golang.org/x/net v0.0.0-20171004034648-a04bdaca5b32/go.mod h1:mL1N/T3taQHkDXs73rZJwtUhF3w3ftmwwsq0BUmARs4=
golang.org/x/tools v0.0.0-20181008205924-a2b3f7f249e9/go.mod h1:n7NCudcB/nEzxVGmLbDWY5pfWTLqBcC2KZ6jyYvM4mQ=
gopkg.in/check.v1 v0.0.0-20161208181325-20d25e280405/go.mod h1:Co6ibVJAznAaIkqp8huTwlJQCZ016jof/cbN4VW5Yz0=
gopkg.in/check.v1 v1.0.0-20180628173108-788fd7840127 h1:qIbj1fsPNlZgppZ+VLlY7N33q108Sa+fhmuc+sWQYwY=
gopkg.in/check.v1 v1.0.0-20180628173108-788fd7840127/go.mod h1:Co6ibVJAznAaIkqp8huTwlJQCZ016jof/cbN4VW5Yz0=
gopkg.in/errgo.v1 v1.0.0/go.mod h1:CxwszS/Xz1C49Ucd2i6Zil5UToP1EmyrFhKaMVbg1mk=
gopkg.in/errgo.v1 v1.0.1 h1:oQFRXzZ7CkBGdm1XZm/EbQYaYNNEElNBOd09M6cqNso=
gopkg.in/errgo.v1 v1.0.1/go.mod h1:3NjfXwocQRYAPTq4/fzX+CwUhPRcR/azYRhj8G+LqMo=
gopkg.in/httprequest.v1 v1.2.0 h1:YTGV1oXzaoKI6oPzQ0knoIPcrrVzeRG3amkoxoP7Xng=
gopkg.in/httprequest.v1 v1.2.0/go.mod h1:T61ZUaJLpMnzvoJDO03ZD8yRXD4nZzBeDoW5e9sffjg=
gopkg.in/macaroon-bakery.v2 v2.1.0 h1:9Jw/+9XHBSutkaeVpWhDx38IcSNLJwWUICkOK98DHls=
gopkg.in/macaroon-bakery.v2 v2.1.0/go.mod h1:B4/T17l+ZWGwxFSZQmlBwp25x+og7OkhETfr3S9MbIA=
gopkg.in/macaroon.v2 v2.1.0 h1:HZcsjBCzq9t0eBPMKqTN/uSN6JOm78ZJ2INbqcBQOUI=
gopkg.in/macaroon.v2 v2.1.0/go.mod h1:OUb+TQP/OP0WOerC2Jp/3CwhIKyIa9kQjuc7H24e6/o=
gopkg.in/mgo.v2 v2.0.0-20180705113604-9856a29383ce h1:xcEWjVhvbDy+nHP67nPDDpbYrY+ILlfndk4bRioVHaU=
gopkg.in/mgo.v2 v2.0.0-20180705113604-9856a29383ce/go.mod h1:yeKp02qBN3iKW1OzL3MGk2IdtZzaj7SFntXj72NppTA=
gopkg.in/retry.v1 v1.0.3 h1:a9CArYczAVv6Qs6VGoLMio99GEs7kY9UzSF9+LD+iGs=
gopkg.in/retry.v1 v1.0.3/go.mod h1:FJkXmWiMaAo7xB+xhvDF59zhfjDWyzmyAxiT4dB688g=
gopkg.in/yaml.v2 v2.2.1/go.mod h1:hI93XBmqTisBFMUTm0b8Fm+jr3Dg1NNxqwp+5A1VGuI=
gopkg.in/yaml.v2 v2.2.2 h1:ZCJp+EgiOT7lHqUV2J862kp8Qj64Jo6az82+3Td9dZw=
gopkg.in/yaml.v2 v2.2.2/go.mod h1:hI93XBmqTisBFMUTm0b8Fm+jr3Dg1NNxqwp+5A1VGuI=
